// !$*UTF8*$!
{
	archiveVersion = 1;
	classes = {
	};
	objectVersion = 77;
	objects = {

/* Begin PBXContainerItemProxy section */
		B16FC8FA2DD63DC700EEFB5B /* PBXContainerItemProxy */ = {
			isa = PBXContainerItemProxy;
			containerPortal = B16FC8E12DD63DC600EEFB5B /* Project object */;
			proxyType = 1;
			remoteGlobalIDString = B16FC8E82DD63DC600EEFB5B;
			remoteInfo = Snap;
		};
		B16FC9042DD63DC700EEFB5B /* PBXContainerItemProxy */ = {
			isa = PBXContainerItemProxy;
			containerPortal = B16FC8E12DD63DC600EEFB5B /* Project object */;
			proxyType = 1;
			remoteGlobalIDString = B16FC8E82DD63DC600EEFB5B;
			remoteInfo = Snap;
		};
/* End PBXContainerItemProxy section */

/* Begin PBXFileReference section */
		B16FC8E92DD63DC600EEFB5B /* Snap.app */ = {isa = PBXFileReference; explicitFileType = wrapper.application; includeInIndex = 0; path = Snap.app; sourceTree = BUILT_PRODUCTS_DIR; };
		B16FC8F92DD63DC700EEFB5B /* SnapTests.xctest */ = {isa = PBXFileReference; explicitFileType = wrapper.cfbundle; includeInIndex = 0; path = SnapTests.xctest; sourceTree = BUILT_PRODUCTS_DIR; };
		B16FC9032DD63DC700EEFB5B /* SnapUITests.xctest */ = {isa = PBXFileReference; explicitFileType = wrapper.cfbundle; includeInIndex = 0; path = SnapUITests.xctest; sourceTree = BUILT_PRODUCTS_DIR; };
/* End PBXFileReference section */

/* Begin PBXFileSystemSynchronizedRootGroup section */
		B16FC8EB2DD63DC600EEFB5B /* Snap */ = {
			isa = PBXFileSystemSynchronizedRootGroup;
			path = Snap;
			sourceTree = "<group>";
		};
		B16FC8FC2DD63DC700EEFB5B /* SnapTests */ = {
			isa = PBXFileSystemSynchronizedRootGroup;
			path = SnapTests;
			sourceTree = "<group>";
		};
		B16FC9062DD63DC700EEFB5B /* SnapUITests */ = {
			isa = PBXFileSystemSynchronizedRootGroup;
			path = SnapUITests;
			sourceTree = "<group>";
		};
/* End PBXFileSystemSynchronizedRootGroup section */

/* Begin PBXFrameworksBuildPhase section */
		B16FC8E62DD63DC600EEFB5B /* Frameworks */ = {
			isa = PBXFrameworksBuildPhase;
			buildActionMask = 2147483647;
			files = (
			);
			runOnlyForDeploymentPostprocessing = 0;
		};
		B16FC8F62DD63DC700EEFB5B /* Frameworks */ = {
			isa = PBXFrameworksBuildPhase;
			buildActionMask = 2147483647;
			files = (
			);
			runOnlyForDeploymentPostprocessing = 0;
		};
		B16FC9002DD63DC700EEFB5B /* Frameworks */ = {
			isa = PBXFrameworksBuildPhase;
			buildActionMask = 2147483647;
			files = (
			);
			runOnlyForDeploymentPostprocessing = 0;
		};
/* End PBXFrameworksBuildPhase section */

/* Begin PBXGroup section */
		B16FC8E02DD63DC600EEFB5B = {
			isa = PBXGroup;
			children = (
				B16FC8EB2DD63DC600EEFB5B /* Snap */,
				B16FC8FC2DD63DC700EEFB5B /* SnapTests */,
				B16FC9062DD63DC700EEFB5B /* SnapUITests */,
				B16FC8EA2DD63DC600EEFB5B /* Products */,
			);
			sourceTree = "<group>";
		};
		B16FC8EA2DD63DC600EEFB5B /* Products */ = {
			isa = PBXGroup;
			children = (
				B16FC8E92DD63DC600EEFB5B /* Snap.app */,
				B16FC8F92DD63DC700EEFB5B /* SnapTests.xctest */,
				B16FC9032DD63DC700EEFB5B /* SnapUITests.xctest */,
			);
			name = Products;
			sourceTree = "<group>";
		};
/* End PBXGroup section */

/* Begin PBXNativeTarget section */
		B16FC8E82DD63DC600EEFB5B /* Snap */ = {
			isa = PBXNativeTarget;
			buildConfigurationList = B16FC90D2DD63DC700EEFB5B /* Build configuration list for PBXNativeTarget "Snap" */;
			buildPhases = (
				B16FC8E52DD63DC600EEFB5B /* Sources */,
				B16FC8E62DD63DC600EEFB5B /* Frameworks */,
				B16FC8E72DD63DC600EEFB5B /* Resources */,
			);
			buildRules = (
			);
			dependencies = (
			);
			fileSystemSynchronizedGroups = (
				B16FC8EB2DD63DC600EEFB5B /* Snap */,
			);
			name = Snap;
			packageProductDependencies = (
			);
			productName = Snap;
			productReference = B16FC8E92DD63DC600EEFB5B /* Snap.app */;
			productType = "com.apple.product-type.application";
		};
		B16FC8F82DD63DC700EEFB5B /* SnapTests */ = {
			isa = PBXNativeTarget;
			buildConfigurationList = B16FC9102DD63DC700EEFB5B /* Build configuration list for PBXNativeTarget "SnapTests" */;
			buildPhases = (
				B16FC8F52DD63DC700EEFB5B /* Sources */,
				B16FC8F62DD63DC700EEFB5B /* Frameworks */,
				B16FC8F72DD63DC700EEFB5B /* Resources */,
			);
			buildRules = (
			);
			dependencies = (
				B16FC8FB2DD63DC700EEFB5B /* PBXTargetDependency */,
			);
			fileSystemSynchronizedGroups = (
				B16FC8FC2DD63DC700EEFB5B /* SnapTests */,
			);
			name = SnapTests;
			packageProductDependencies = (
			);
			productName = SnapTests;
			productReference = B16FC8F92DD63DC700EEFB5B /* SnapTests.xctest */;
			productType = "com.apple.product-type.bundle.unit-test";
		};
		B16FC9022DD63DC700EEFB5B /* SnapUITests */ = {
			isa = PBXNativeTarget;
			buildConfigurationList = B16FC9132DD63DC700EEFB5B /* Build configuration list for PBXNativeTarget "SnapUITests" */;
			buildPhases = (
				B16FC8FF2DD63DC700EEFB5B /* Sources */,
				B16FC9002DD63DC700EEFB5B /* Frameworks */,
				B16FC9012DD63DC700EEFB5B /* Resources */,
			);
			buildRules = (
			);
			dependencies = (
				B16FC9052DD63DC700EEFB5B /* PBXTargetDependency */,
			);
			fileSystemSynchronizedGroups = (
				B16FC9062DD63DC700EEFB5B /* SnapUITests */,
			);
			name = SnapUITests;
			packageProductDependencies = (
			);
			productName = SnapUITests;
			productReference = B16FC9032DD63DC700EEFB5B /* SnapUITests.xctest */;
			productType = "com.apple.product-type.bundle.ui-testing";
		};
/* End PBXNativeTarget section */

/* Begin PBXProject section */
		B16FC8E12DD63DC600EEFB5B /* Project object */ = {
			isa = PBXProject;
			attributes = {
				BuildIndependentTargetsInParallel = 1;
				LastSwiftUpdateCheck = 1620;
				LastUpgradeCheck = 1620;
				TargetAttributes = {
					B16FC8E82DD63DC600EEFB5B = {
						CreatedOnToolsVersion = 16.2;
					};
					B16FC8F82DD63DC700EEFB5B = {
						CreatedOnToolsVersion = 16.2;
						TestTargetID = B16FC8E82DD63DC600EEFB5B;
					};
					B16FC9022DD63DC700EEFB5B = {
						CreatedOnToolsVersion = 16.2;
						TestTargetID = B16FC8E82DD63DC600EEFB5B;
					};
				};
			};
			buildConfigurationList = B16FC8E42DD63DC600EEFB5B /* Build configuration list for PBXProject "Snap" */;
			developmentRegion = en;
			hasScannedForEncodings = 0;
			knownRegions = (
				en,
				Base,
			);
			mainGroup = B16FC8E02DD63DC600EEFB5B;
			minimizedProjectReferenceProxies = 1;
			packageReferences = (
				B1D6BAE42DD97D2900AAE149 /* XCLocalSwiftPackageReference "LlamaBindings" */,
				B1D6BAE52DD97D6100AAE149 /* XCRemoteSwiftPackageReference "llama" */,
			);
			preferredProjectObjectVersion = 77;
			productRefGroup = B16FC8EA2DD63DC600EEFB5B /* Products */;
			projectDirPath = "";
			projectRoot = "";
			targets = (
				B16FC8E82DD63DC600EEFB5B /* Snap */,
				B16FC8F82DD63DC700EEFB5B /* SnapTests */,
				B16FC9022DD63DC700EEFB5B /* SnapUITests */,
			);
		};
/* End PBXProject section */

/* Begin PBXResourcesBuildPhase section */
		B16FC8E72DD63DC600EEFB5B /* Resources */ = {
			isa = PBXResourcesBuildPhase;
			buildActionMask = 2147483647;
			files = (
			);
			runOnlyForDeploymentPostprocessing = 0;
		};
		B16FC8F72DD63DC700EEFB5B /* Resources */ = {
			isa = PBXResourcesBuildPhase;
			buildActionMask = 2147483647;
			files = (
			);
			runOnlyForDeploymentPostprocessing = 0;
		};
		B16FC9012DD63DC700EEFB5B /* Resources */ = {
			isa = PBXResourcesBuildPhase;
			buildActionMask = 2147483647;
			files = (
			);
			runOnlyForDeploymentPostprocessing = 0;
		};
/* End PBXResourcesBuildPhase section */

/* Begin PBXSourcesBuildPhase section */
		B16FC8E52DD63DC600EEFB5B /* Sources */ = {
			isa = PBXSourcesBuildPhase;
			buildActionMask = 2147483647;
			files = (
			);
			runOnlyForDeploymentPostprocessing = 0;
		};
		B16FC8F52DD63DC700EEFB5B /* Sources */ = {
			isa = PBXSourcesBuildPhase;
			buildActionMask = 2147483647;
			files = (
			);
			runOnlyForDeploymentPostprocessing = 0;
		};
		B16FC8FF2DD63DC700EEFB5B /* Sources */ = {
			isa = PBXSourcesBuildPhase;
			buildActionMask = 2147483647;
			files = (
			);
			runOnlyForDeploymentPostprocessing = 0;
		};
/* End PBXSourcesBuildPhase section */

/* Begin PBXTargetDependency section */
		B16FC8FB2DD63DC700EEFB5B /* PBXTargetDependency */ = {
			isa = PBXTargetDependency;
			target = B16FC8E82DD63DC600EEFB5B /* Snap */;
			targetProxy = B16FC8FA2DD63DC700EEFB5B /* PBXContainerItemProxy */;
		};
		B16FC9052DD63DC700EEFB5B /* PBXTargetDependency */ = {
			isa = PBXTargetDependency;
			target = B16FC8E82DD63DC600EEFB5B /* Snap */;
			targetProxy = B16FC9042DD63DC700EEFB5B /* PBXContainerItemProxy */;
		};
/* End PBXTargetDependency section */

/* Begin XCBuildConfiguration section */
		B16FC90B2DD63DC700EEFB5B /* Debug */ = {
			isa = XCBuildConfiguration;
			buildSettings = {
				ALWAYS_SEARCH_USER_PATHS = NO;
				ASSETCATALOG_COMPILER_GENERATE_SWIFT_ASSET_SYMBOL_EXTENSIONS = YES;
				CLANG_ANALYZER_NONNULL = YES;
				CLANG_ANALYZER_NUMBER_OBJECT_CONVERSION = YES_AGGRESSIVE;
				CLANG_CXX_LANGUAGE_STANDARD = "gnu++20";
				CLANG_ENABLE_MODULES = YES;
				CLANG_ENABLE_OBJC_ARC = YES;
				CLANG_ENABLE_OBJC_WEAK = YES;
				CLANG_WARN_BLOCK_CAPTURE_AUTORELEASING = YES;
				CLANG_WARN_BOOL_CONVERSION = YES;
				CLANG_WARN_COMMA = YES;
				CLANG_WARN_CONSTANT_CONVERSION = YES;
				CLANG_WARN_DEPRECATED_OBJC_IMPLEMENTATIONS = YES;
				CLANG_WARN_DIRECT_OBJC_ISA_USAGE = YES_ERROR;
				CLANG_WARN_DOCUMENTATION_COMMENTS = YES;
				CLANG_WARN_EMPTY_BODY = YES;
				CLANG_WARN_ENUM_CONVERSION = YES;
				CLANG_WARN_INFINITE_RECURSION = YES;
				CLANG_WARN_INT_CONVERSION = YES;
				CLANG_WARN_NON_LITERAL_NULL_CONVERSION = YES;
				CLANG_WARN_OBJC_IMPLICIT_RETAIN_SELF = YES;
				CLANG_WARN_OBJC_LITERAL_CONVERSION = YES;
				CLANG_WARN_OBJC_ROOT_CLASS = YES_ERROR;
				CLANG_WARN_QUOTED_INCLUDE_IN_FRAMEWORK_HEADER = YES;
				CLANG_WARN_RANGE_LOOP_ANALYSIS = YES;
				CLANG_WARN_STRICT_PROTOTYPES = YES;
				CLANG_WARN_SUSPICIOUS_MOVE = YES;
				CLANG_WARN_UNGUARDED_AVAILABILITY = YES_AGGRESSIVE;
				CLANG_WARN_UNREACHABLE_CODE = YES;
				CLANG_WARN__DUPLICATE_METHOD_MATCH = YES;
				COPY_PHASE_STRIP = NO;
				DEBUG_INFORMATION_FORMAT = dwarf;
				ENABLE_STRICT_OBJC_MSGSEND = YES;
				ENABLE_TESTABILITY = YES;
				ENABLE_USER_SCRIPT_SANDBOXING = YES;
				GCC_C_LANGUAGE_STANDARD = gnu17;
				GCC_DYNAMIC_NO_PIC = NO;
				GCC_NO_COMMON_BLOCKS = YES;
				GCC_OPTIMIZATION_LEVEL = 0;
				GCC_PREPROCESSOR_DEFINITIONS = (
					"DEBUG=1",
					"$(inherited)",
				);
				GCC_WARN_64_TO_32_BIT_CONVERSION = YES;
				GCC_WARN_ABOUT_RETURN_TYPE = YES_ERROR;
				GCC_WARN_UNDECLARED_SELECTOR = YES;
				GCC_WARN_UNINITIALIZED_AUTOS = YES_AGGRESSIVE;
				GCC_WARN_UNUSED_FUNCTION = YES;
				GCC_WARN_UNUSED_VARIABLE = YES;
				IPHONEOS_DEPLOYMENT_TARGET = 18.2;
				LOCALIZATION_PREFERS_STRING_CATALOGS = YES;
				MTL_ENABLE_DEBUG_INFO = INCLUDE_SOURCE;
				MTL_FAST_MATH = YES;
				ONLY_ACTIVE_ARCH = YES;
				SDKROOT = iphoneos;
				SWIFT_ACTIVE_COMPILATION_CONDITIONS = "DEBUG $(inherited)";
				SWIFT_OPTIMIZATION_LEVEL = "-Onone";
			};
			name = Debug;
		};
		B16FC90C2DD63DC700EEFB5B /* Release */ = {
			isa = XCBuildConfiguration;
			buildSettings = {
				ALWAYS_SEARCH_USER_PATHS = NO;
				ASSETCATALOG_COMPILER_GENERATE_SWIFT_ASSET_SYMBOL_EXTENSIONS = YES;
				CLANG_ANALYZER_NONNULL = YES;
				CLANG_ANALYZER_NUMBER_OBJECT_CONVERSION = YES_AGGRESSIVE;
				CLANG_CXX_LANGUAGE_STANDARD = "gnu++20";
				CLANG_ENABLE_MODULES = YES;
				CLANG_ENABLE_OBJC_ARC = YES;
				CLANG_ENABLE_OBJC_WEAK = YES;
				CLANG_WARN_BLOCK_CAPTURE_AUTORELEASING = YES;
				CLANG_WARN_BOOL_CONVERSION = YES;
				CLANG_WARN_COMMA = YES;
				CLANG_WARN_CONSTANT_CONVERSION = YES;
				CLANG_WARN_DEPRECATED_OBJC_IMPLEMENTATIONS = YES;
				CLANG_WARN_DIRECT_OBJC_ISA_USAGE = YES_ERROR;
				CLANG_WARN_DOCUMENTATION_COMMENTS = YES;
				CLANG_WARN_EMPTY_BODY = YES;
				CLANG_WARN_ENUM_CONVERSION = YES;
				CLANG_WARN_INFINITE_RECURSION = YES;
				CLANG_WARN_INT_CONVERSION = YES;
				CLANG_WARN_NON_LITERAL_NULL_CONVERSION = YES;
				CLANG_WARN_OBJC_IMPLICIT_RETAIN_SELF = YES;
				CLANG_WARN_OBJC_LITERAL_CONVERSION = YES;
				CLANG_WARN_OBJC_ROOT_CLASS = YES_ERROR;
				CLANG_WARN_QUOTED_INCLUDE_IN_FRAMEWORK_HEADER = YES;
				CLANG_WARN_RANGE_LOOP_ANALYSIS = YES;
				CLANG_WARN_STRICT_PROTOTYPES = YES;
				CLANG_WARN_SUSPICIOUS_MOVE = YES;
				CLANG_WARN_UNGUARDED_AVAILABILITY = YES_AGGRESSIVE;
				CLANG_WARN_UNREACHABLE_CODE = YES;
				CLANG_WARN__DUPLICATE_METHOD_MATCH = YES;
				COPY_PHASE_STRIP = NO;
				DEBUG_INFORMATION_FORMAT = "dwarf-with-dsym";
				ENABLE_NS_ASSERTIONS = NO;
				ENABLE_STRICT_OBJC_MSGSEND = YES;
				ENABLE_USER_SCRIPT_SANDBOXING = YES;
				GCC_C_LANGUAGE_STANDARD = gnu17;
				GCC_NO_COMMON_BLOCKS = YES;
				GCC_WARN_64_TO_32_BIT_CONVERSION = YES;
				GCC_WARN_ABOUT_RETURN_TYPE = YES_ERROR;
				GCC_WARN_UNDECLARED_SELECTOR = YES;
				GCC_WARN_UNINITIALIZED_AUTOS = YES_AGGRESSIVE;
				GCC_WARN_UNUSED_FUNCTION = YES;
				GCC_WARN_UNUSED_VARIABLE = YES;
				IPHONEOS_DEPLOYMENT_TARGET = 18.2;
				LOCALIZATION_PREFERS_STRING_CATALOGS = YES;
				MTL_ENABLE_DEBUG_INFO = NO;
				MTL_FAST_MATH = YES;
				SDKROOT = iphoneos;
				SWIFT_COMPILATION_MODE = wholemodule;
				VALIDATE_PRODUCT = YES;
			};
			name = Release;
		};
		B16FC90E2DD63DC700EEFB5B /* Debug */ = {
			isa = XCBuildConfiguration;
			buildSettings = {
				ASSETCATALOG_COMPILER_APPICON_NAME = AppIcon;
				ASSETCATALOG_COMPILER_GLOBAL_ACCENT_COLOR_NAME = AccentColor;
				CODE_SIGN_STYLE = Automatic;
				CURRENT_PROJECT_VERSION = 1;
				DEVELOPMENT_ASSET_PATHS = "\"Snap/Preview Content\"";
				DEVELOPMENT_TEAM = 4P8TFG9TMY;
				ENABLE_PREVIEWS = YES;
				GENERATE_INFOPLIST_FILE = YES;
				INFOPLIST_KEY_NSCameraUsageDescription = "BaseweightSnap needs camera access to take photos for image analysis and description generation.";
				INFOPLIST_KEY_NSPhotoLibraryAddUsageDescription = "BaseweightSnap needs photo library access to select images for analysis and description generation.";
				INFOPLIST_KEY_UIApplicationSceneManifest_Generation = YES;
				INFOPLIST_KEY_UIApplicationSupportsIndirectInputEvents = YES;
				INFOPLIST_KEY_UILaunchScreen_Generation = YES;
				INFOPLIST_KEY_UISupportedInterfaceOrientations_iPad = "UIInterfaceOrientationPortrait UIInterfaceOrientationPortraitUpsideDown UIInterfaceOrientationLandscapeLeft UIInterfaceOrientationLandscapeRight";
				INFOPLIST_KEY_UISupportedInterfaceOrientations_iPhone = "UIInterfaceOrientationPortrait UIInterfaceOrientationLandscapeLeft UIInterfaceOrientationLandscapeRight";
				LD_RUNPATH_SEARCH_PATHS = (
					"$(inherited)",
					"@executable_path/Frameworks",
				);
				MARKETING_VERSION = 1.0;
				PRODUCT_BUNDLE_IDENTIFIER = ai.baseweight.Snap;
				PRODUCT_NAME = "$(TARGET_NAME)";
				SWIFT_EMIT_LOC_STRINGS = YES;
				SWIFT_VERSION = 5.0;
				TARGETED_DEVICE_FAMILY = "1,2";
			};
			name = Debug;
		};
		B16FC90F2DD63DC700EEFB5B /* Release */ = {
			isa = XCBuildConfiguration;
			buildSettings = {
				ASSETCATALOG_COMPILER_APPICON_NAME = AppIcon;
				ASSETCATALOG_COMPILER_GLOBAL_ACCENT_COLOR_NAME = AccentColor;
				CODE_SIGN_STYLE = Automatic;
				CURRENT_PROJECT_VERSION = 1;
				DEVELOPMENT_ASSET_PATHS = "\"Snap/Preview Content\"";
				DEVELOPMENT_TEAM = 4P8TFG9TMY;
				ENABLE_PREVIEWS = YES;
				GENERATE_INFOPLIST_FILE = YES;
				INFOPLIST_KEY_NSCameraUsageDescription = "BaseweightSnap needs camera access to take photos for image analysis and description generation.";
				INFOPLIST_KEY_NSPhotoLibraryAddUsageDescription = "BaseweightSnap needs photo library access to select images for analysis and description generation.";
				INFOPLIST_KEY_UIApplicationSceneManifest_Generation = YES;
				INFOPLIST_KEY_UIApplicationSupportsIndirectInputEvents = YES;
				INFOPLIST_KEY_UILaunchScreen_Generation = YES;
				INFOPLIST_KEY_UISupportedInterfaceOrientations_iPad = "UIInterfaceOrientationPortrait UIInterfaceOrientationPortraitUpsideDown UIInterfaceOrientationLandscapeLeft UIInterfaceOrientationLandscapeRight";
				INFOPLIST_KEY_UISupportedInterfaceOrientations_iPhone = "UIInterfaceOrientationPortrait UIInterfaceOrientationLandscapeLeft UIInterfaceOrientationLandscapeRight";
				LD_RUNPATH_SEARCH_PATHS = (
					"$(inherited)",
					"@executable_path/Frameworks",
				);
				MARKETING_VERSION = 1.0;
				PRODUCT_BUNDLE_IDENTIFIER = ai.baseweight.Snap;
				PRODUCT_NAME = "$(TARGET_NAME)";
				SWIFT_EMIT_LOC_STRINGS = YES;
				SWIFT_VERSION = 5.0;
				TARGETED_DEVICE_FAMILY = "1,2";
			};
			name = Release;
		};
		B16FC9112DD63DC700EEFB5B /* Debug */ = {
			isa = XCBuildConfiguration;
			buildSettings = {
				BUNDLE_LOADER = "$(TEST_HOST)";
				CODE_SIGN_STYLE = Automatic;
				CURRENT_PROJECT_VERSION = 1;
				DEVELOPMENT_TEAM = 4P8TFG9TMY;
				GENERATE_INFOPLIST_FILE = YES;
				IPHONEOS_DEPLOYMENT_TARGET = 18.2;
				MARKETING_VERSION = 1.0;
				PRODUCT_BUNDLE_IDENTIFIER = ai.baseweight.SnapTests;
				PRODUCT_NAME = "$(TARGET_NAME)";
				SWIFT_EMIT_LOC_STRINGS = NO;
				SWIFT_VERSION = 5.0;
				TARGETED_DEVICE_FAMILY = "1,2";
				TEST_HOST = "$(BUILT_PRODUCTS_DIR)/Snap.app/$(BUNDLE_EXECUTABLE_FOLDER_PATH)/Snap";
			};
			name = Debug;
		};
		B16FC9122DD63DC700EEFB5B /* Release */ = {
			isa = XCBuildConfiguration;
			buildSettings = {
				BUNDLE_LOADER = "$(TEST_HOST)";
				CODE_SIGN_STYLE = Automatic;
				CURRENT_PROJECT_VERSION = 1;
				DEVELOPMENT_TEAM = 4P8TFG9TMY;
				GENERATE_INFOPLIST_FILE = YES;
				IPHONEOS_DEPLOYMENT_TARGET = 18.2;
				MARKETING_VERSION = 1.0;
				PRODUCT_BUNDLE_IDENTIFIER = ai.baseweight.SnapTests;
				PRODUCT_NAME = "$(TARGET_NAME)";
				SWIFT_EMIT_LOC_STRINGS = NO;
				SWIFT_VERSION = 5.0;
				TARGETED_DEVICE_FAMILY = "1,2";
				TEST_HOST = "$(BUILT_PRODUCTS_DIR)/Snap.app/$(BUNDLE_EXECUTABLE_FOLDER_PATH)/Snap";
			};
			name = Release;
		};
		B16FC9142DD63DC700EEFB5B /* Debug */ = {
			isa = XCBuildConfiguration;
			buildSettings = {
				CODE_SIGN_STYLE = Automatic;
				CURRENT_PROJECT_VERSION = 1;
				DEVELOPMENT_TEAM = 4P8TFG9TMY;
				GENERATE_INFOPLIST_FILE = YES;
				MARKETING_VERSION = 1.0;
				PRODUCT_BUNDLE_IDENTIFIER = ai.baseweight.SnapUITests;
				PRODUCT_NAME = "$(TARGET_NAME)";
				SWIFT_EMIT_LOC_STRINGS = NO;
				SWIFT_VERSION = 5.0;
				TARGETED_DEVICE_FAMILY = "1,2";
				TEST_TARGET_NAME = Snap;
			};
			name = Debug;
		};
		B16FC9152DD63DC700EEFB5B /* Release */ = {
			isa = XCBuildConfiguration;
			buildSettings = {
				CODE_SIGN_STYLE = Automatic;
				CURRENT_PROJECT_VERSION = 1;
				DEVELOPMENT_TEAM = 4P8TFG9TMY;
				GENERATE_INFOPLIST_FILE = YES;
				MARKETING_VERSION = 1.0;
				PRODUCT_BUNDLE_IDENTIFIER = ai.baseweight.SnapUITests;
				PRODUCT_NAME = "$(TARGET_NAME)";
				SWIFT_EMIT_LOC_STRINGS = NO;
				SWIFT_VERSION = 5.0;
				TARGETED_DEVICE_FAMILY = "1,2";
				TEST_TARGET_NAME = Snap;
			};
			name = Release;
		};
/* End XCBuildConfiguration section */

/* Begin XCConfigurationList section */
		B16FC8E42DD63DC600EEFB5B /* Build configuration list for PBXProject "Snap" */ = {
			isa = XCConfigurationList;
			buildConfigurations = (
				B16FC90B2DD63DC700EEFB5B /* Debug */,
				B16FC90C2DD63DC700EEFB5B /* Release */,
			);
			defaultConfigurationIsVisible = 0;
			defaultConfigurationName = Release;
		};
		B16FC90D2DD63DC700EEFB5B /* Build configuration list for PBXNativeTarget "Snap" */ = {
			isa = XCConfigurationList;
			buildConfigurations = (
				B16FC90E2DD63DC700EEFB5B /* Debug */,
				B16FC90F2DD63DC700EEFB5B /* Release */,
			);
			defaultConfigurationIsVisible = 0;
			defaultConfigurationName = Release;
		};
		B16FC9102DD63DC700EEFB5B /* Build configuration list for PBXNativeTarget "SnapTests" */ = {
			isa = XCConfigurationList;
			buildConfigurations = (
				B16FC9112DD63DC700EEFB5B /* Debug */,
				B16FC9122DD63DC700EEFB5B /* Release */,
			);
			defaultConfigurationIsVisible = 0;
			defaultConfigurationName = Release;
		};
		B16FC9132DD63DC700EEFB5B /* Build configuration list for PBXNativeTarget "SnapUITests" */ = {
			isa = XCConfigurationList;
			buildConfigurations = (
				B16FC9142DD63DC700EEFB5B /* Debug */,
				B16FC9152DD63DC700EEFB5B /* Release */,
			);
			defaultConfigurationIsVisible = 0;
			defaultConfigurationName = Release;
		};
/* End XCConfigurationList section */

/* Begin XCLocalSwiftPackageReference section */
		B1D6BAE42DD97D2900AAE149 /* XCLocalSwiftPackageReference "LlamaBindings" */ = {
			isa = XCLocalSwiftPackageReference;
			relativePath = LlamaBindings;
		};
/* End XCLocalSwiftPackageReference section */

/* Begin XCRemoteSwiftPackageReference section */
		B1D6BAE52DD97D6100AAE149 /* XCRemoteSwiftPackageReference "llama" */ = {
			isa = XCRemoteSwiftPackageReference;
			repositoryURL = "https://github.com/ggerganov/llama.cpp/";
			requirement = {
				branch = master;
				kind = branch;
			};
		};
/* End XCRemoteSwiftPackageReference section */
	};
	rootObject = B16FC8E12DD63DC600EEFB5B /* Project object */;
}
